{
  "name": "nurse-rostering-teamproject",
  "lockfileVersion": 3,
  "requires": true,
  "packages": {
    "": {
      "dependencies": {
        "lucide": "^0.576.0"
      }
    },
    "node_modules/lucide": {
      "version": "0.576.0",
      "resolved": "https://registry.npmjs.org/lucide/-/lucide-0.576.0.tgz",
      "integrity": "sha512-R8OBTUFiPq4BZ7LxRNZECDvBa/8MKgTqcF5N1iifqyPSGD7lT8ymV9103di01b+6xjhPsqlh7hlSxqNcJEK1eg==",
      "license": "ISC"
    }
  }
}
